
Microsoft Visual Studio Solution File, Format Version 12.00
# Visual Studio Version 17
VisualStudioVersion = 17.9.34728.123
MinimumVisualStudioVersion = 10.0.40219.1
Project("{9A19103F-16F7-4668-BE54-9A1E7A4F7556}") = "TarefasPDV", "Limpeza\TarefasPDV.csproj", "{BB9664E8-8FD1-4C0E-AE5B-6F1DBFF31C17}"
EndProject
Project("{2150E333-8FDC-42A3-9474-1A3956D46DE8}") = "Solution Items", "Solution Items", "{FF385067-D7D1-47FE-87A7-9D8722F2486D}"
	ProjectSection(SolutionItems) = preProject
		.editorconfig = .editorconfig
	EndProjectSection
EndProject
Global
	GlobalSection(SolutionConfigurationPlatforms) = preSolution
		Debug|Any CPU = Debug|Any CPU
		Release|Any CPU = Release|Any CPU
	EndGlobalSection
	GlobalSection(ProjectConfigurationPlatforms) = postSolution
		{BB9664E8-8FD1-4C0E-AE5B-6F1DBFF31C17}.Debug|Any CPU.ActiveCfg = Debug|Any CPU
		{BB9664E8-8FD1-4C0E-AE5B-6F1DBFF31C17}.Debug|Any CPU.Build.0 = Debug|Any CPU
		{BB9664E8-8FD1-4C0E-AE5B-6F1DBFF31C17}.Release|Any CPU.ActiveCfg = Release|Any CPU
		{BB9664E8-8FD1-4C0E-AE5B-6F1DBFF31C17}.Release|Any CPU.Build.0 = Release|Any CPU
	EndGlobalSection
	GlobalSection(SolutionProperties) = preSolution
		HideSolutionNode = FALSE
	EndGlobalSection
	GlobalSection(ExtensibilityGlobals) = postSolution
		SolutionGuid = {740C0ADD-C476-4A15-B84A-34FE62450707}
	EndGlobalSection
EndGlobal
