
Microsoft Visual Studio Solution File, Format Version 12.00
# Visual Studio Version 17
VisualStudioVersion = 17.9.34728.123
MinimumVisualStudioVersion = 10.0.40219.1
Project("{FAE04EC0-301F-11D3-BF4B-00C04F79EFBC}") = "Limpeza", "..\Limpeza\Limpeza.csproj", "{88199C5D-6E26-49BE-840E-4D4D2BF4DF38}"
EndProject
Global
	GlobalSection(SolutionConfigurationPlatforms) = preSolution
		Debug|Any CPU = Debug|Any CPU
		Release|Any CPU = Release|Any CPU
	EndGlobalSection
	GlobalSection(ProjectConfigurationPlatforms) = postSolution
		{88199C5D-6E26-49BE-840E-4D4D2BF4DF38}.Debug|Any CPU.ActiveCfg = Debug|Any CPU
		{88199C5D-6E26-49BE-840E-4D4D2BF4DF38}.Debug|Any CPU.Build.0 = Debug|Any CPU
		{88199C5D-6E26-49BE-840E-4D4D2BF4DF38}.Release|Any CPU.ActiveCfg = Release|Any CPU
		{88199C5D-6E26-49BE-840E-4D4D2BF4DF38}.Release|Any CPU.Build.0 = Release|Any CPU
	EndGlobalSection
	GlobalSection(SolutionProperties) = preSolution
		HideSolutionNode = FALSE
	EndGlobalSection
	GlobalSection(ExtensibilityGlobals) = postSolution
		SolutionGuid = {740C0ADD-C476-4A15-B84A-34FE62450707}
	EndGlobalSection
EndGlobal
